
Microsoft Visual Studio Solution File, Format Version 12.00
# Visual Studio 2017
Project("{FAE04EC0-301F-11D3-BF4B-00C04F79EFBC}") = "interface", "interface.csproj", "{0C1C333B-DF41-2BAC-E944-58F2F37B21CA}"
EndProject
Project("{FAE04EC0-301F-11D3-BF4B-00C04F79EFBC}") = "interface.Editor", "interface.Editor.csproj", "{51D3EC20-25BD-7369-B2BD-9A072DEBE1EE}"
EndProject
Global
	GlobalSection(SolutionConfigurationPlatforms) = preSolution
		Debug|Any CPU = Debug|Any CPU
		Release|Any CPU = Release|Any CPU
	EndGlobalSection
	GlobalSection(ProjectConfigurationPlatforms) = postSolution
		{0C1C333B-DF41-2BAC-E944-58F2F37B21CA}.Debug|Any CPU.ActiveCfg = Debug|Any CPU
		{0C1C333B-DF41-2BAC-E944-58F2F37B21CA}.Debug|Any CPU.Build.0 = Debug|Any CPU
		{0C1C333B-DF41-2BAC-E944-58F2F37B21CA}.Release|Any CPU.ActiveCfg = Release|Any CPU
		{0C1C333B-DF41-2BAC-E944-58F2F37B21CA}.Release|Any CPU.Build.0 = Release|Any CPU
		{51D3EC20-25BD-7369-B2BD-9A072DEBE1EE}.Debug|Any CPU.ActiveCfg = Debug|Any CPU
		{51D3EC20-25BD-7369-B2BD-9A072DEBE1EE}.Debug|Any CPU.Build.0 = Debug|Any CPU
		{51D3EC20-25BD-7369-B2BD-9A072DEBE1EE}.Release|Any CPU.ActiveCfg = Release|Any CPU
		{51D3EC20-25BD-7369-B2BD-9A072DEBE1EE}.Release|Any CPU.Build.0 = Release|Any CPU
	EndGlobalSection
	GlobalSection(SolutionProperties) = preSolution
		HideSolutionNode = FALSE
	EndGlobalSection
EndGlobal
